// !$*UTF8*$!
{
	archiveVersion = 1;
	classes = {
	};
	objectVersion = 50;
	objects = {

/* Begin PBXBuildFile section */
		1206EDF222193F9E005D802D /* AppDelegate.m in Sources */ = {isa = PBXBuildFile; fileRef = 1206EDF122193F9E005D802D /* AppDelegate.m */; };
		1206EDFA22193F9F005D802D /* Assets.xcassets in Resources */ = {isa = PBXBuildFile; fileRef = 1206EDF922193F9F005D802D /* Assets.xcassets */; };
		1206EE0022193F9F005D802D /* main.m in Sources */ = {isa = PBXBuildFile; fileRef = 1206EDFF22193F9F005D802D /* main.m */; };
		1206EE142219477A005D802D /* YJXTabBarC.m in Sources */ = {isa = PBXBuildFile; fileRef = 1206EE132219477A005D802D /* YJXTabBarC.m */; };
		1206EE2F221AD839005D802D /* YJXEssenceVC.m in Sources */ = {isa = PBXBuildFile; fileRef = 1206EE2E221AD839005D802D /* YJXEssenceVC.m */; };
		1206EE32221AD868005D802D /* YJXNewVC.m in Sources */ = {isa = PBXBuildFile; fileRef = 1206EE31221AD868005D802D /* YJXNewVC.m */; };
		1206EE35221AD893005D802D /* YJXPublishVC.m in Sources */ = {isa = PBXBuildFile; fileRef = 1206EE34221AD893005D802D /* YJXPublishVC.m */; };
		1206EE38221AD8CF005D802D /* YJXFriendTrendVC.m in Sources */ = {isa = PBXBuildFile; fileRef = 1206EE37221AD8CF005D802D /* YJXFriendTrendVC.m */; };
		1206EE3B221AD8EC005D802D /* YJXMeVC.m in Sources */ = {isa = PBXBuildFile; fileRef = 1206EE3A221AD8EC005D802D /* YJXMeVC.m */; };
		1206EE3E221ADB38005D802D /* YJXNavigationC.m in Sources */ = {isa = PBXBuildFile; fileRef = 1206EE3D221ADB38005D802D /* YJXNavigationC.m */; };
		1206EE42221AFE70005D802D /* YJXTabBar.m in Sources */ = {isa = PBXBuildFile; fileRef = 1206EE41221AFE70005D802D /* YJXTabBar.m */; };
		1206EE48221B026E005D802D /* UIView+YJXRect.m in Sources */ = {isa = PBXBuildFile; fileRef = 1206EE47221B026E005D802D /* UIView+YJXRect.m */; };
		121DEF4E221C1E9E00C2BE3F /* UIBarButtonItem+YJXItem.m in Sources */ = {isa = PBXBuildFile; fileRef = 121DEF4D221C1E9E00C2BE3F /* UIBarButtonItem+YJXItem.m */; };
		1247F795221D4E6B00097951 /* YJXAdVC.m in Sources */ = {isa = PBXBuildFile; fileRef = 1247F794221D4E6B00097951 /* YJXAdVC.m */; };
		1247F797221D4F2100097951 /* YJXAdVC.xib in Resources */ = {isa = PBXBuildFile; fileRef = 1247F796221D4F2100097951 /* YJXAdVC.xib */; };
		1247F79F221D5CFD00097951 /* LaunchImage-667.png in Resources */ = {isa = PBXBuildFile; fileRef = 1247F79A221D5CFD00097951 /* LaunchImage-667.png */; };
		1247F7A0221D5CFD00097951 /* LaunchImage-812.png in Resources */ = {isa = PBXBuildFile; fileRef = 1247F79B221D5CFD00097951 /* LaunchImage-812.png */; };
		1247F7A1221D5CFD00097951 /* LaunchImage-736.png in Resources */ = {isa = PBXBuildFile; fileRef = 1247F79C221D5CFD00097951 /* LaunchImage-736.png */; };
		1247F7A2221D5CFD00097951 /* LaunchImage-568.png in Resources */ = {isa = PBXBuildFile; fileRef = 1247F79D221D5CFD00097951 /* LaunchImage-568.png */; };
		1247F7A5221D672700097951 /* YJXAdM.m in Sources */ = {isa = PBXBuildFile; fileRef = 1247F7A4221D672700097951 /* YJXAdM.m */; };
		127003CA222268E000F1F859 /* YJXFastLoginV.m in Sources */ = {isa = PBXBuildFile; fileRef = 127003C9222268E000F1F859 /* YJXFastLoginV.m */; };
		127003CC222268F500F1F859 /* YJXFastLoginV.xib in Resources */ = {isa = PBXBuildFile; fileRef = 127003CB222268F500F1F859 /* YJXFastLoginV.xib */; };
		127003CF2222704700F1F859 /* YJXFastLoginBtn.m in Sources */ = {isa = PBXBuildFile; fileRef = 127003CE2222704700F1F859 /* YJXFastLoginBtn.m */; };
		12ABD3AA2221672F00208DEB /* UIView+YJXFromXib.m in Sources */ = {isa = PBXBuildFile; fileRef = 12ABD3A92221672F00208DEB /* UIView+YJXFromXib.m */; };
		12ABD3AC2221889700208DEB /* YJXFriendTrendVC.xib in Resources */ = {isa = PBXBuildFile; fileRef = 12ABD3AB2221889700208DEB /* YJXFriendTrendVC.xib */; };
		12ABD3B022218BC200208DEB /* YJXLoginRegisterVC.m in Sources */ = {isa = PBXBuildFile; fileRef = 12ABD3AE22218BC200208DEB /* YJXLoginRegisterVC.m */; };
		12ABD3B122218BC200208DEB /* YJXLoginRegisterVC.xib in Resources */ = {isa = PBXBuildFile; fileRef = 12ABD3AF22218BC200208DEB /* YJXLoginRegisterVC.xib */; };
		12ABD3B42221906B00208DEB /* YJXLoginRegisterV.m in Sources */ = {isa = PBXBuildFile; fileRef = 12ABD3B32221906B00208DEB /* YJXLoginRegisterV.m */; };
		12ABD3B62221908300208DEB /* YJXLoginRegisterV.xib in Resources */ = {isa = PBXBuildFile; fileRef = 12ABD3B52221908300208DEB /* YJXLoginRegisterV.xib */; };
		12CBF634221EA5C700B16950 /* YJXTagTableVC.m in Sources */ = {isa = PBXBuildFile; fileRef = 12CBF633221EA5C700B16950 /* YJXTagTableVC.m */; };
		12CBF637221EB2D500B16950 /* YJXTagHeaderV.m in Sources */ = {isa = PBXBuildFile; fileRef = 12CBF636221EB2D500B16950 /* YJXTagHeaderV.m */; };
		12CBF63F221EB78500B16950 /* YJXTagHeaderV.xib in Resources */ = {isa = PBXBuildFile; fileRef = 12CBF63E221EB78500B16950 /* YJXTagHeaderV.xib */; };
		12CBF642221EC72300B16950 /* YJXTagM.m in Sources */ = {isa = PBXBuildFile; fileRef = 12CBF641221EC72300B16950 /* YJXTagM.m */; };
		12CBF646221ECA4500B16950 /* YJXTagCell.m in Sources */ = {isa = PBXBuildFile; fileRef = 12CBF644221ECA4500B16950 /* YJXTagCell.m */; };
		12CBF647221ECA4500B16950 /* YJXTagCell.xib in Resources */ = {isa = PBXBuildFile; fileRef = 12CBF645221ECA4500B16950 /* YJXTagCell.xib */; };
		B9CB8AE168CA0F0C5919FB80 /* libPods-baisibudejie.a in Frameworks */ = {isa = PBXBuildFile; fileRef = 24C787648AF5E3046D9B4B57 /* libPods-baisibudejie.a */; };
/* End PBXBuildFile section */

/* Begin PBXFileReference section */
		1206EDED22193F9E005D802D /* baisibudejie.app */ = {isa = PBXFileReference; explicitFileType = wrapper.application; includeInIndex = 0; path = baisibudejie.app; sourceTree = BUILT_PRODUCTS_DIR; };
		1206EDF022193F9E005D802D /* AppDelegate.h */ = {isa = PBXFileReference; lastKnownFileType = sourcecode.c.h; path = AppDelegate.h; sourceTree = "<group>"; };
		1206EDF122193F9E005D802D /* AppDelegate.m */ = {isa = PBXFileReference; lastKnownFileType = sourcecode.c.objc; path = AppDelegate.m; sourceTree = "<group>"; };
		1206EDF922193F9F005D802D /* Assets.xcassets */ = {isa = PBXFileReference; lastKnownFileType = folder.assetcatalog; path = Assets.xcassets; sourceTree = "<group>"; };
		1206EDFE22193F9F005D802D /* Info.plist */ = {isa = PBXFileReference; lastKnownFileType = text.plist.xml; path = Info.plist; sourceTree = "<group>"; };
		1206EDFF22193F9F005D802D /* main.m */ = {isa = PBXFileReference; lastKnownFileType = sourcecode.c.objc; path = main.m; sourceTree = "<group>"; };
		1206EE122219477A005D802D /* YJXTabBarC.h */ = {isa = PBXFileReference; lastKnownFileType = sourcecode.c.h; path = YJXTabBarC.h; sourceTree = "<group>"; };
		1206EE132219477A005D802D /* YJXTabBarC.m */ = {isa = PBXFileReference; lastKnownFileType = sourcecode.c.objc; path = YJXTabBarC.m; sourceTree = "<group>"; };
		1206EE2D221AD839005D802D /* YJXEssenceVC.h */ = {isa = PBXFileReference; lastKnownFileType = sourcecode.c.h; path = YJXEssenceVC.h; sourceTree = "<group>"; };
		1206EE2E221AD839005D802D /* YJXEssenceVC.m */ = {isa = PBXFileReference; lastKnownFileType = sourcecode.c.objc; path = YJXEssenceVC.m; sourceTree = "<group>"; };
		1206EE30221AD868005D802D /* YJXNewVC.h */ = {isa = PBXFileReference; lastKnownFileType = sourcecode.c.h; path = YJXNewVC.h; sourceTree = "<group>"; };
		1206EE31221AD868005D802D /* YJXNewVC.m */ = {isa = PBXFileReference; lastKnownFileType = sourcecode.c.objc; path = YJXNewVC.m; sourceTree = "<group>"; };
		1206EE33221AD893005D802D /* YJXPublishVC.h */ = {isa = PBXFileReference; lastKnownFileType = sourcecode.c.h; path = YJXPublishVC.h; sourceTree = "<group>"; };
		1206EE34221AD893005D802D /* YJXPublishVC.m */ = {isa = PBXFileReference; lastKnownFileType = sourcecode.c.objc; path = YJXPublishVC.m; sourceTree = "<group>"; };
		1206EE36221AD8CF005D802D /* YJXFriendTrendVC.h */ = {isa = PBXFileReference; lastKnownFileType = sourcecode.c.h; path = YJXFriendTrendVC.h; sourceTree = "<group>"; };
		1206EE37221AD8CF005D802D /* YJXFriendTrendVC.m */ = {isa = PBXFileReference; lastKnownFileType = sourcecode.c.objc; path = YJXFriendTrendVC.m; sourceTree = "<group>"; };
		1206EE39221AD8EC005D802D /* YJXMeVC.h */ = {isa = PBXFileReference; lastKnownFileType = sourcecode.c.h; path = YJXMeVC.h; sourceTree = "<group>"; };
		1206EE3A221AD8EC005D802D /* YJXMeVC.m */ = {isa = PBXFileReference; lastKnownFileType = sourcecode.c.objc; path = YJXMeVC.m; sourceTree = "<group>"; };
		1206EE3C221ADB38005D802D /* YJXNavigationC.h */ = {isa = PBXFileReference; lastKnownFileType = sourcecode.c.h; path = YJXNavigationC.h; sourceTree = "<group>"; };
		1206EE3D221ADB38005D802D /* YJXNavigationC.m */ = {isa = PBXFileReference; lastKnownFileType = sourcecode.c.objc; path = YJXNavigationC.m; sourceTree = "<group>"; };
		1206EE3F221AE72A005D802D /* baisibudejie.pch */ = {isa = PBXFileReference; lastKnownFileType = sourcecode.c.h; path = baisibudejie.pch; sourceTree = "<group>"; };
		1206EE40221AFE70005D802D /* YJXTabBar.h */ = {isa = PBXFileReference; lastKnownFileType = sourcecode.c.h; path = YJXTabBar.h; sourceTree = "<group>"; };
		1206EE41221AFE70005D802D /* YJXTabBar.m */ = {isa = PBXFileReference; lastKnownFileType = sourcecode.c.objc; path = YJXTabBar.m; sourceTree = "<group>"; };
		1206EE46221B026E005D802D /* UIView+YJXRect.h */ = {isa = PBXFileReference; lastKnownFileType = sourcecode.c.h; path = "UIView+YJXRect.h"; sourceTree = "<group>"; };
		1206EE47221B026E005D802D /* UIView+YJXRect.m */ = {isa = PBXFileReference; lastKnownFileType = sourcecode.c.objc; path = "UIView+YJXRect.m"; sourceTree = "<group>"; };
		121DEF4C221C1E9E00C2BE3F /* UIBarButtonItem+YJXItem.h */ = {isa = PBXFileReference; lastKnownFileType = sourcecode.c.h; path = "UIBarButtonItem+YJXItem.h"; sourceTree = "<group>"; };
		121DEF4D221C1E9E00C2BE3F /* UIBarButtonItem+YJXItem.m */ = {isa = PBXFileReference; lastKnownFileType = sourcecode.c.objc; path = "UIBarButtonItem+YJXItem.m"; sourceTree = "<group>"; };
		1247F793221D4E6B00097951 /* YJXAdVC.h */ = {isa = PBXFileReference; lastKnownFileType = sourcecode.c.h; path = YJXAdVC.h; sourceTree = "<group>"; };
		1247F794221D4E6B00097951 /* YJXAdVC.m */ = {isa = PBXFileReference; lastKnownFileType = sourcecode.c.objc; path = YJXAdVC.m; sourceTree = "<group>"; };
		1247F796221D4F2100097951 /* YJXAdVC.xib */ = {isa = PBXFileReference; lastKnownFileType = file.xib; path = YJXAdVC.xib; sourceTree = "<group>"; };
		1247F79A221D5CFD00097951 /* LaunchImage-667.png */ = {isa = PBXFileReference; lastKnownFileType = image.png; path = "LaunchImage-667.png"; sourceTree = "<group>"; };
		1247F79B221D5CFD00097951 /* LaunchImage-812.png */ = {isa = PBXFileReference; lastKnownFileType = image.png; path = "LaunchImage-812.png"; sourceTree = "<group>"; };
		1247F79C221D5CFD00097951 /* LaunchImage-736.png */ = {isa = PBXFileReference; lastKnownFileType = image.png; path = "LaunchImage-736.png"; sourceTree = "<group>"; };
		1247F79D221D5CFD00097951 /* LaunchImage-568.png */ = {isa = PBXFileReference; lastKnownFileType = image.png; path = "LaunchImage-568.png"; sourceTree = "<group>"; };
		1247F7A3221D672700097951 /* YJXAdM.h */ = {isa = PBXFileReference; lastKnownFileType = sourcecode.c.h; path = YJXAdM.h; sourceTree = "<group>"; };
		1247F7A4221D672700097951 /* YJXAdM.m */ = {isa = PBXFileReference; lastKnownFileType = sourcecode.c.objc; path = YJXAdM.m; sourceTree = "<group>"; };
		127003C8222268E000F1F859 /* YJXFastLoginV.h */ = {isa = PBXFileReference; lastKnownFileType = sourcecode.c.h; path = YJXFastLoginV.h; sourceTree = "<group>"; };
		127003C9222268E000F1F859 /* YJXFastLoginV.m */ = {isa = PBXFileReference; lastKnownFileType = sourcecode.c.objc; path = YJXFastLoginV.m; sourceTree = "<group>"; };
		127003CB222268F500F1F859 /* YJXFastLoginV.xib */ = {isa = PBXFileReference; lastKnownFileType = file.xib; path = YJXFastLoginV.xib; sourceTree = "<group>"; };
		127003CD2222704700F1F859 /* YJXFastLoginBtn.h */ = {isa = PBXFileReference; lastKnownFileType = sourcecode.c.h; path = YJXFastLoginBtn.h; sourceTree = "<group>"; };
		127003CE2222704700F1F859 /* YJXFastLoginBtn.m */ = {isa = PBXFileReference; lastKnownFileType = sourcecode.c.objc; path = YJXFastLoginBtn.m; sourceTree = "<group>"; };
		12ABD3A82221672F00208DEB /* UIView+YJXFromXib.h */ = {isa = PBXFileReference; lastKnownFileType = sourcecode.c.h; path = "UIView+YJXFromXib.h"; sourceTree = "<group>"; };
		12ABD3A92221672F00208DEB /* UIView+YJXFromXib.m */ = {isa = PBXFileReference; lastKnownFileType = sourcecode.c.objc; path = "UIView+YJXFromXib.m"; sourceTree = "<group>"; };
		12ABD3AB2221889700208DEB /* YJXFriendTrendVC.xib */ = {isa = PBXFileReference; lastKnownFileType = file.xib; path = YJXFriendTrendVC.xib; sourceTree = "<group>"; };
		12ABD3AD22218BC200208DEB /* YJXLoginRegisterVC.h */ = {isa = PBXFileReference; lastKnownFileType = sourcecode.c.h; path = YJXLoginRegisterVC.h; sourceTree = "<group>"; };
		12ABD3AE22218BC200208DEB /* YJXLoginRegisterVC.m */ = {isa = PBXFileReference; lastKnownFileType = sourcecode.c.objc; path = YJXLoginRegisterVC.m; sourceTree = "<group>"; };
		12ABD3AF22218BC200208DEB /* YJXLoginRegisterVC.xib */ = {isa = PBXFileReference; lastKnownFileType = file.xib; path = YJXLoginRegisterVC.xib; sourceTree = "<group>"; };
		12ABD3B22221906B00208DEB /* YJXLoginRegisterV.h */ = {isa = PBXFileReference; lastKnownFileType = sourcecode.c.h; path = YJXLoginRegisterV.h; sourceTree = "<group>"; };
		12ABD3B32221906B00208DEB /* YJXLoginRegisterV.m */ = {isa = PBXFileReference; lastKnownFileType = sourcecode.c.objc; path = YJXLoginRegisterV.m; sourceTree = "<group>"; };
		12ABD3B52221908300208DEB /* YJXLoginRegisterV.xib */ = {isa = PBXFileReference; lastKnownFileType = file.xib; path = YJXLoginRegisterV.xib; sourceTree = "<group>"; };
		12CBF632221EA5C700B16950 /* YJXTagTableVC.h */ = {isa = PBXFileReference; lastKnownFileType = sourcecode.c.h; path = YJXTagTableVC.h; sourceTree = "<group>"; };
		12CBF633221EA5C700B16950 /* YJXTagTableVC.m */ = {isa = PBXFileReference; lastKnownFileType = sourcecode.c.objc; path = YJXTagTableVC.m; sourceTree = "<group>"; };
		12CBF635221EB2D500B16950 /* YJXTagHeaderV.h */ = {isa = PBXFileReference; lastKnownFileType = sourcecode.c.h; path = YJXTagHeaderV.h; sourceTree = "<group>"; };
		12CBF636221EB2D500B16950 /* YJXTagHeaderV.m */ = {isa = PBXFileReference; lastKnownFileType = sourcecode.c.objc; path = YJXTagHeaderV.m; sourceTree = "<group>"; };
		12CBF63E221EB78500B16950 /* YJXTagHeaderV.xib */ = {isa = PBXFileReference; lastKnownFileType = file.xib; path = YJXTagHeaderV.xib; sourceTree = "<group>"; };
		12CBF640221EC72300B16950 /* YJXTagM.h */ = {isa = PBXFileReference; lastKnownFileType = sourcecode.c.h; path = YJXTagM.h; sourceTree = "<group>"; };
		12CBF641221EC72300B16950 /* YJXTagM.m */ = {isa = PBXFileReference; lastKnownFileType = sourcecode.c.objc; path = YJXTagM.m; sourceTree = "<group>"; };
		12CBF643221ECA4500B16950 /* YJXTagCell.h */ = {isa = PBXFileReference; lastKnownFileType = sourcecode.c.h; path = YJXTagCell.h; sourceTree = "<group>"; };
		12CBF644221ECA4500B16950 /* YJXTagCell.m */ = {isa = PBXFileReference; lastKnownFileType = sourcecode.c.objc; path = YJXTagCell.m; sourceTree = "<group>"; };
		12CBF645221ECA4500B16950 /* YJXTagCell.xib */ = {isa = PBXFileReference; lastKnownFileType = file.xib; path = YJXTagCell.xib; sourceTree = "<group>"; };
		24C787648AF5E3046D9B4B57 /* libPods-baisibudejie.a */ = {isa = PBXFileReference; explicitFileType = archive.ar; includeInIndex = 0; path = "libPods-baisibudejie.a"; sourceTree = BUILT_PRODUCTS_DIR; };
		5AB7C1593072028C03C50024 /* Pods-baisibudejie.release.xcconfig */ = {isa = PBXFileReference; includeInIndex = 1; lastKnownFileType = text.xcconfig; name = "Pods-baisibudejie.release.xcconfig"; path = "Pods/Target Support Files/Pods-baisibudejie/Pods-baisibudejie.release.xcconfig"; sourceTree = "<group>"; };
		CEA74D8997463D092FD541E0 /* Pods-baisibudejie.debug.xcconfig */ = {isa = PBXFileReference; includeInIndex = 1; lastKnownFileType = text.xcconfig; name = "Pods-baisibudejie.debug.xcconfig"; path = "Pods/Target Support Files/Pods-baisibudejie/Pods-baisibudejie.debug.xcconfig"; sourceTree = "<group>"; };
/* End PBXFileReference section */

/* Begin PBXFrameworksBuildPhase section */
		1206EDEA22193F9E005D802D /* Frameworks */ = {
			isa = PBXFrameworksBuildPhase;
			buildActionMask = 2147483647;
			files = (
				B9CB8AE168CA0F0C5919FB80 /* libPods-baisibudejie.a in Frameworks */,
			);
			runOnlyForDeploymentPostprocessing = 0;
		};
/* End PBXFrameworksBuildPhase section */

/* Begin PBXGroup section */
		1206EDE422193F9E005D802D = {
			isa = PBXGroup;
			children = (
				1206EE15221AD7B6005D802D /* Classes */,
				1206EE43221B01E3005D802D /* Gategory&&Pch */,
				1206EDEF22193F9E005D802D /* baisibudejie */,
				1206EDEE22193F9E005D802D /* Products */,
				DF09223FE6FE7D10CF625DCB /* Pods */,
				98580B646B7FEAEEEEA5D12B /* Frameworks */,
			);
			sourceTree = "<group>";
		};
		1206EDEE22193F9E005D802D /* Products */ = {
			isa = PBXGroup;
			children = (
				1206EDED22193F9E005D802D /* baisibudejie.app */,
			);
			name = Products;
			sourceTree = "<group>";
		};
		1206EDEF22193F9E005D802D /* baisibudejie */ = {
			isa = PBXGroup;
			children = (
				1206EDF022193F9E005D802D /* AppDelegate.h */,
				1206EDF122193F9E005D802D /* AppDelegate.m */,
				1206EDF922193F9F005D802D /* Assets.xcassets */,
				1206EDFE22193F9F005D802D /* Info.plist */,
				1206EDFF22193F9F005D802D /* main.m */,
				1247F798221D5CFD00097951 /* launchImage */,
			);
			path = baisibudejie;
			sourceTree = "<group>";
		};
		1206EE112219471E005D802D /* Main */ = {
			isa = PBXGroup;
			children = (
				1206EE2C221AD7E3005D802D /* M */,
				1206EE2A221AD7E3005D802D /* V */,
				1206EE2B221AD7E3005D802D /* C */,
			);
			path = Main;
			sourceTree = "<group>";
		};
		1206EE15221AD7B6005D802D /* Classes */ = {
			isa = PBXGroup;
			children = (
				1247F78F221D4E4000097951 /* Ad */,
				1206EE112219471E005D802D /* Main */,
				1206EE1E221AD7B6005D802D /* Essence */,
				1206EE26221AD7B6005D802D /* New */,
				1206EE1A221AD7B6005D802D /* Publish */,
				1206EE16221AD7B6005D802D /* FriendTrend */,
				1206EE22221AD7B6005D802D /* Me */,
			);
			path = Classes;
			sourceTree = "<group>";
		};
		1206EE16221AD7B6005D802D /* FriendTrend */ = {
			isa = PBXGroup;
			children = (
				1206EE17221AD7B6005D802D /* M */,
				1206EE19221AD7B6005D802D /* V */,
				1206EE18221AD7B6005D802D /* C */,
			);
			path = FriendTrend;
			sourceTree = "<group>";
		};
		1206EE17221AD7B6005D802D /* M */ = {
			isa = PBXGroup;
			children = (
			);
			path = M;
			sourceTree = "<group>";
		};
		1206EE18221AD7B6005D802D /* C */ = {
			isa = PBXGroup;
			children = (
				1206EE36221AD8CF005D802D /* YJXFriendTrendVC.h */,
				1206EE37221AD8CF005D802D /* YJXFriendTrendVC.m */,
				12ABD3AB2221889700208DEB /* YJXFriendTrendVC.xib */,
				12ABD3AD22218BC200208DEB /* YJXLoginRegisterVC.h */,
				12ABD3AE22218BC200208DEB /* YJXLoginRegisterVC.m */,
				12ABD3AF22218BC200208DEB /* YJXLoginRegisterVC.xib */,
			);
			path = C;
			sourceTree = "<group>";
		};
		1206EE19221AD7B6005D802D /* V */ = {
			isa = PBXGroup;
			children = (
				12ABD3B22221906B00208DEB /* YJXLoginRegisterV.h */,
				12ABD3B32221906B00208DEB /* YJXLoginRegisterV.m */,
				12ABD3B52221908300208DEB /* YJXLoginRegisterV.xib */,
				127003C8222268E000F1F859 /* YJXFastLoginV.h */,
				127003C9222268E000F1F859 /* YJXFastLoginV.m */,
				127003CB222268F500F1F859 /* YJXFastLoginV.xib */,
				127003CD2222704700F1F859 /* YJXFastLoginBtn.h */,
				127003CE2222704700F1F859 /* YJXFastLoginBtn.m */,
			);
			path = V;
			sourceTree = "<group>";
		};
		1206EE1A221AD7B6005D802D /* Publish */ = {
			isa = PBXGroup;
			children = (
				1206EE1B221AD7B6005D802D /* M */,
				1206EE1D221AD7B6005D802D /* V */,
				1206EE1C221AD7B6005D802D /* C */,
			);
			path = Publish;
			sourceTree = "<group>";
		};
		1206EE1B221AD7B6005D802D /* M */ = {
			isa = PBXGroup;
			children = (
			);
			path = M;
			sourceTree = "<group>";
		};
		1206EE1C221AD7B6005D802D /* C */ = {
			isa = PBXGroup;
			children = (
				1206EE33221AD893005D802D /* YJXPublishVC.h */,
				1206EE34221AD893005D802D /* YJXPublishVC.m */,
			);
			path = C;
			sourceTree = "<group>";
		};
		1206EE1D221AD7B6005D802D /* V */ = {
			isa = PBXGroup;
			children = (
			);
			path = V;
			sourceTree = "<group>";
		};
		1206EE1E221AD7B6005D802D /* Essence */ = {
			isa = PBXGroup;
			children = (
				1206EE1F221AD7B6005D802D /* M */,
				1206EE21221AD7B6005D802D /* V */,
				1206EE20221AD7B6005D802D /* C */,
			);
			path = Essence;
			sourceTree = "<group>";
		};
		1206EE1F221AD7B6005D802D /* M */ = {
			isa = PBXGroup;
			children = (
			);
			path = M;
			sourceTree = "<group>";
		};
		1206EE20221AD7B6005D802D /* C */ = {
			isa = PBXGroup;
			children = (
				1206EE2D221AD839005D802D /* YJXEssenceVC.h */,
				1206EE2E221AD839005D802D /* YJXEssenceVC.m */,
			);
			path = C;
			sourceTree = "<group>";
		};
		1206EE21221AD7B6005D802D /* V */ = {
			isa = PBXGroup;
			children = (
			);
			path = V;
			sourceTree = "<group>";
		};
		1206EE22221AD7B6005D802D /* Me */ = {
			isa = PBXGroup;
			children = (
				1206EE23221AD7B6005D802D /* M */,
				1206EE25221AD7B6005D802D /* V */,
				1206EE24221AD7B6005D802D /* C */,
			);
			path = Me;
			sourceTree = "<group>";
		};
		1206EE23221AD7B6005D802D /* M */ = {
			isa = PBXGroup;
			children = (
			);
			path = M;
			sourceTree = "<group>";
		};
		1206EE24221AD7B6005D802D /* C */ = {
			isa = PBXGroup;
			children = (
				1206EE39221AD8EC005D802D /* YJXMeVC.h */,
				1206EE3A221AD8EC005D802D /* YJXMeVC.m */,
			);
			path = C;
			sourceTree = "<group>";
		};
		1206EE25221AD7B6005D802D /* V */ = {
			isa = PBXGroup;
			children = (
			);
			path = V;
			sourceTree = "<group>";
		};
		1206EE26221AD7B6005D802D /* New */ = {
			isa = PBXGroup;
			children = (
				1206EE27221AD7B6005D802D /* M */,
				1206EE29221AD7B6005D802D /* V */,
				1206EE28221AD7B6005D802D /* C */,
			);
			path = New;
			sourceTree = "<group>";
		};
		1206EE27221AD7B6005D802D /* M */ = {
			isa = PBXGroup;
			children = (
				12CBF640221EC72300B16950 /* YJXTagM.h */,
				12CBF641221EC72300B16950 /* YJXTagM.m */,
			);
			path = M;
			sourceTree = "<group>";
		};
		1206EE28221AD7B6005D802D /* C */ = {
			isa = PBXGroup;
			children = (
				1206EE30221AD868005D802D /* YJXNewVC.h */,
				1206EE31221AD868005D802D /* YJXNewVC.m */,
				12CBF632221EA5C700B16950 /* YJXTagTableVC.h */,
				12CBF633221EA5C700B16950 /* YJXTagTableVC.m */,
			);
			path = C;
			sourceTree = "<group>";
		};
		1206EE29221AD7B6005D802D /* V */ = {
			isa = PBXGroup;
			children = (
				12CBF635221EB2D500B16950 /* YJXTagHeaderV.h */,
				12CBF636221EB2D500B16950 /* YJXTagHeaderV.m */,
				12CBF63E221EB78500B16950 /* YJXTagHeaderV.xib */,
				12CBF643221ECA4500B16950 /* YJXTagCell.h */,
				12CBF644221ECA4500B16950 /* YJXTagCell.m */,
				12CBF645221ECA4500B16950 /* YJXTagCell.xib */,
			);
			path = V;
			sourceTree = "<group>";
		};
		1206EE2A221AD7E3005D802D /* V */ = {
			isa = PBXGroup;
			children = (
				1206EE40221AFE70005D802D /* YJXTabBar.h */,
				1206EE41221AFE70005D802D /* YJXTabBar.m */,
			);
			path = V;
			sourceTree = "<group>";
		};
		1206EE2B221AD7E3005D802D /* C */ = {
			isa = PBXGroup;
			children = (
				1206EE122219477A005D802D /* YJXTabBarC.h */,
				1206EE132219477A005D802D /* YJXTabBarC.m */,
				1206EE3C221ADB38005D802D /* YJXNavigationC.h */,
				1206EE3D221ADB38005D802D /* YJXNavigationC.m */,
			);
			path = C;
			sourceTree = "<group>";
		};
		1206EE2C221AD7E3005D802D /* M */ = {
			isa = PBXGroup;
			children = (
			);
			path = M;
			sourceTree = "<group>";
		};
		1206EE43221B01E3005D802D /* Gategory&&Pch */ = {
			isa = PBXGroup;
			children = (
				1206EE45221B022D005D802D /* Pch */,
				1206EE44221B01E3005D802D /* Gategory */,
			);
			path = "Gategory&&Pch";
			sourceTree = "<group>";
		};
		1206EE44221B01E3005D802D /* Gategory */ = {
			isa = PBXGroup;
			children = (
				1206EE46221B026E005D802D /* UIView+YJXRect.h */,
				1206EE47221B026E005D802D /* UIView+YJXRect.m */,
				121DEF4C221C1E9E00C2BE3F /* UIBarButtonItem+YJXItem.h */,
				121DEF4D221C1E9E00C2BE3F /* UIBarButtonItem+YJXItem.m */,
				12ABD3A82221672F00208DEB /* UIView+YJXFromXib.h */,
				12ABD3A92221672F00208DEB /* UIView+YJXFromXib.m */,
			);
			path = Gategory;
			sourceTree = "<group>";
		};
		1206EE45221B022D005D802D /* Pch */ = {
			isa = PBXGroup;
			children = (
				1206EE3F221AE72A005D802D /* baisibudejie.pch */,
			);
			path = Pch;
			sourceTree = "<group>";
		};
		1247F78F221D4E4000097951 /* Ad */ = {
			isa = PBXGroup;
			children = (
				1247F790221D4E4000097951 /* M */,
				1247F792221D4E4000097951 /* V */,
				1247F791221D4E4000097951 /* C */,
			);
			path = Ad;
			sourceTree = "<group>";
		};
		1247F790221D4E4000097951 /* M */ = {
			isa = PBXGroup;
			children = (
				1247F7A3221D672700097951 /* YJXAdM.h */,
				1247F7A4221D672700097951 /* YJXAdM.m */,
			);
			path = M;
			sourceTree = "<group>";
		};
		1247F791221D4E4000097951 /* C */ = {
			isa = PBXGroup;
			children = (
				1247F793221D4E6B00097951 /* YJXAdVC.h */,
				1247F794221D4E6B00097951 /* YJXAdVC.m */,
				1247F796221D4F2100097951 /* YJXAdVC.xib */,
			);
			path = C;
			sourceTree = "<group>";
		};
		1247F792221D4E4000097951 /* V */ = {
			isa = PBXGroup;
			children = (
			);
			path = V;
			sourceTree = "<group>";
		};
		1247F798221D5CFD00097951 /* launchImage */ = {
			isa = PBXGroup;
			children = (
				1247F79A221D5CFD00097951 /* LaunchImage-667.png */,
				1247F79B221D5CFD00097951 /* LaunchImage-812.png */,
				1247F79C221D5CFD00097951 /* LaunchImage-736.png */,
				1247F79D221D5CFD00097951 /* LaunchImage-568.png */,
			);
			path = launchImage;
			sourceTree = "<group>";
		};
		98580B646B7FEAEEEEA5D12B /* Frameworks */ = {
			isa = PBXGroup;
			children = (
				24C787648AF5E3046D9B4B57 /* libPods-baisibudejie.a */,
			);
			name = Frameworks;
			sourceTree = "<group>";
		};
		DF09223FE6FE7D10CF625DCB /* Pods */ = {
			isa = PBXGroup;
			children = (
				CEA74D8997463D092FD541E0 /* Pods-baisibudejie.debug.xcconfig */,
				5AB7C1593072028C03C50024 /* Pods-baisibudejie.release.xcconfig */,
			);
			name = Pods;
			sourceTree = "<group>";
		};
/* End PBXGroup section */

/* Begin PBXNativeTarget section */
		1206EDEC22193F9E005D802D /* baisibudejie */ = {
			isa = PBXNativeTarget;
			buildConfigurationList = 1206EE0322193F9F005D802D /* Build configuration list for PBXNativeTarget "baisibudejie" */;
			buildPhases = (
				42A9B85C749FCD2ECAC97DC6 /* [CP] Check Pods Manifest.lock */,
				1206EDE922193F9E005D802D /* Sources */,
				1206EDEA22193F9E005D802D /* Frameworks */,
				1206EDEB22193F9E005D802D /* Resources */,
				0EF7D55AEC6C02264FCF81BD /* [CP] Copy Pods Resources */,
			);
			buildRules = (
			);
			dependencies = (
			);
			name = baisibudejie;
			productName = baisibudejie;
			productReference = 1206EDED22193F9E005D802D /* baisibudejie.app */;
			productType = "com.apple.product-type.application";
		};
/* End PBXNativeTarget section */

/* Begin PBXProject section */
		1206EDE522193F9E005D802D /* Project object */ = {
			isa = PBXProject;
			attributes = {
				CLASSPREFIX = YJX;
				LastUpgradeCheck = 1010;
				ORGANIZATIONNAME = "尤建峡";
				TargetAttributes = {
					1206EDEC22193F9E005D802D = {
						CreatedOnToolsVersion = 10.1;
					};
				};
			};
			buildConfigurationList = 1206EDE822193F9E005D802D /* Build configuration list for PBXProject "baisibudejie" */;
			compatibilityVersion = "Xcode 9.3";
			developmentRegion = en;
			hasScannedForEncodings = 0;
			knownRegions = (
				en,
				Base,
			);
			mainGroup = 1206EDE422193F9E005D802D;
			productRefGroup = 1206EDEE22193F9E005D802D /* Products */;
			projectDirPath = "";
			projectRoot = "";
			targets = (
				1206EDEC22193F9E005D802D /* baisibudejie */,
			);
		};
/* End PBXProject section */

/* Begin PBXResourcesBuildPhase section */
		1206EDEB22193F9E005D802D /* Resources */ = {
			isa = PBXResourcesBuildPhase;
			buildActionMask = 2147483647;
			files = (
				1247F7A2221D5CFD00097951 /* LaunchImage-568.png in Resources */,
				1206EDFA22193F9F005D802D /* Assets.xcassets in Resources */,
				1247F797221D4F2100097951 /* YJXAdVC.xib in Resources */,
				12ABD3B122218BC200208DEB /* YJXLoginRegisterVC.xib in Resources */,
				1247F79F221D5CFD00097951 /* LaunchImage-667.png in Resources */,
				1247F7A1221D5CFD00097951 /* LaunchImage-736.png in Resources */,
				127003CC222268F500F1F859 /* YJXFastLoginV.xib in Resources */,
				12ABD3B62221908300208DEB /* YJXLoginRegisterV.xib in Resources */,
				1247F7A0221D5CFD00097951 /* LaunchImage-812.png in Resources */,
				12CBF647221ECA4500B16950 /* YJXTagCell.xib in Resources */,
				12ABD3AC2221889700208DEB /* YJXFriendTrendVC.xib in Resources */,
				12CBF63F221EB78500B16950 /* YJXTagHeaderV.xib in Resources */,
			);
			runOnlyForDeploymentPostprocessing = 0;
		};
/* End PBXResourcesBuildPhase section */

/* Begin PBXShellScriptBuildPhase section */
		0EF7D55AEC6C02264FCF81BD /* [CP] Copy Pods Resources */ = {
			isa = PBXShellScriptBuildPhase;
			buildActionMask = 2147483647;
			files = (
			);
			inputFileListPaths = (
			);
			inputPaths = (
				"${SRCROOT}/Pods/Target Support Files/Pods-baisibudejie/Pods-baisibudejie-resources.sh",
				"${PODS_ROOT}/SVProgressHUD/SVProgressHUD/SVProgressHUD.bundle",
			);
			name = "[CP] Copy Pods Resources";
			outputFileListPaths = (
			);
			outputPaths = (
				"${TARGET_BUILD_DIR}/${UNLOCALIZED_RESOURCES_FOLDER_PATH}/SVProgressHUD.bundle",
			);
			runOnlyForDeploymentPostprocessing = 0;
			shellPath = /bin/sh;
			shellScript = "\"${SRCROOT}/Pods/Target Support Files/Pods-baisibudejie/Pods-baisibudejie-resources.sh\"\n";
			showEnvVarsInLog = 0;
		};
		42A9B85C749FCD2ECAC97DC6 /* [CP] Check Pods Manifest.lock */ = {
			isa = PBXShellScriptBuildPhase;
			buildActionMask = 2147483647;
			files = (
			);
			inputFileListPaths = (
			);
			inputPaths = (
				"${PODS_PODFILE_DIR_PATH}/Podfile.lock",
				"${PODS_ROOT}/Manifest.lock",
			);
			name = "[CP] Check Pods Manifest.lock";
			outputFileListPaths = (
			);
			outputPaths = (
				"$(DERIVED_FILE_DIR)/Pods-baisibudejie-checkManifestLockResult.txt",
			);
			runOnlyForDeploymentPostprocessing = 0;
			shellPath = /bin/sh;
			shellScript = "diff \"${PODS_PODFILE_DIR_PATH}/Podfile.lock\" \"${PODS_ROOT}/Manifest.lock\" > /dev/null\nif [ $? != 0 ] ; then\n    # print error to STDERR\n    echo \"error: The sandbox is not in sync with the Podfile.lock. Run 'pod install' or update your CocoaPods installation.\" >&2\n    exit 1\nfi\n# This output is used by Xcode 'outputs' to avoid re-running this script phase.\necho \"SUCCESS\" > \"${SCRIPT_OUTPUT_FILE_0}\"\n";
			showEnvVarsInLog = 0;
		};
/* End PBXShellScriptBuildPhase section */

/* Begin PBXSourcesBuildPhase section */
		1206EDE922193F9E005D802D /* Sources */ = {
			isa = PBXSourcesBuildPhase;
			buildActionMask = 2147483647;
			files = (
				12CBF637221EB2D500B16950 /* YJXTagHeaderV.m in Sources */,
				12CBF634221EA5C700B16950 /* YJXTagTableVC.m in Sources */,
				1206EE0022193F9F005D802D /* main.m in Sources */,
				1247F795221D4E6B00097951 /* YJXAdVC.m in Sources */,
				12CBF646221ECA4500B16950 /* YJXTagCell.m in Sources */,
				1206EE42221AFE70005D802D /* YJXTabBar.m in Sources */,
				1206EE2F221AD839005D802D /* YJXEssenceVC.m in Sources */,
				121DEF4E221C1E9E00C2BE3F /* UIBarButtonItem+YJXItem.m in Sources */,
				1206EE48221B026E005D802D /* UIView+YJXRect.m in Sources */,
				1206EE3E221ADB38005D802D /* YJXNavigationC.m in Sources */,
				127003CF2222704700F1F859 /* YJXFastLoginBtn.m in Sources */,
				12CBF642221EC72300B16950 /* YJXTagM.m in Sources */,
				1206EE32221AD868005D802D /* YJXNewVC.m in Sources */,
				12ABD3AA2221672F00208DEB /* UIView+YJXFromXib.m in Sources */,
				12ABD3B022218BC200208DEB /* YJXLoginRegisterVC.m in Sources */,
				1247F7A5221D672700097951 /* YJXAdM.m in Sources */,
				1206EDF222193F9E005D802D /* AppDelegate.m in Sources */,
				127003CA222268E000F1F859 /* YJXFastLoginV.m in Sources */,
				1206EE3B221AD8EC005D802D /* YJXMeVC.m in Sources */,
				1206EE35221AD893005D802D /* YJXPublishVC.m in Sources */,
				1206EE38221AD8CF005D802D /* YJXFriendTrendVC.m in Sources */,
				12ABD3B42221906B00208DEB /* YJXLoginRegisterV.m in Sources */,
				1206EE142219477A005D802D /* YJXTabBarC.m in Sources */,
			);
			runOnlyForDeploymentPostprocessing = 0;
		};
/* End PBXSourcesBuildPhase section */

/* Begin XCBuildConfiguration section */
		1206EE0122193F9F005D802D /* Debug */ = {
			isa = XCBuildConfiguration;
			buildSettings = {
				ALWAYS_SEARCH_USER_PATHS = NO;
				CLANG_ANALYZER_NONNULL = YES;
				CLANG_ANALYZER_NUMBER_OBJECT_CONVERSION = YES_AGGRESSIVE;
				CLANG_CXX_LANGUAGE_STANDARD = "gnu++14";
				CLANG_CXX_LIBRARY = "libc++";
				CLANG_ENABLE_MODULES = YES;
				CLANG_ENABLE_OBJC_ARC = YES;
				CLANG_ENABLE_OBJC_WEAK = YES;
				CLANG_WARN_BLOCK_CAPTURE_AUTORELEASING = YES;
				CLANG_WARN_BOOL_CONVERSION = YES;
				CLANG_WARN_COMMA = YES;
				CLANG_WARN_CONSTANT_CONVERSION = YES;
				CLANG_WARN_DEPRECATED_OBJC_IMPLEMENTATIONS = YES;
				CLANG_WARN_DIRECT_OBJC_ISA_USAGE = YES_ERROR;
				CLANG_WARN_DOCUMENTATION_COMMENTS = YES;
				CLANG_WARN_EMPTY_BODY = YES;
				CLANG_WARN_ENUM_CONVERSION = YES;
				CLANG_WARN_INFINITE_RECURSION = YES;
				CLANG_WARN_INT_CONVERSION = YES;
				CLANG_WARN_NON_LITERAL_NULL_CONVERSION = YES;
				CLANG_WARN_OBJC_IMPLICIT_RETAIN_SELF = YES;
				CLANG_WARN_OBJC_LITERAL_CONVERSION = YES;
				CLANG_WARN_OBJC_ROOT_CLASS = YES_ERROR;
				CLANG_WARN_RANGE_LOOP_ANALYSIS = YES;
				CLANG_WARN_STRICT_PROTOTYPES = YES;
				CLANG_WARN_SUSPICIOUS_MOVE = YES;
				CLANG_WARN_UNGUARDED_AVAILABILITY = YES_AGGRESSIVE;
				CLANG_WARN_UNREACHABLE_CODE = YES;
				CLANG_WARN__DUPLICATE_METHOD_MATCH = YES;
				CODE_SIGN_IDENTITY = "iPhone Developer";
				COPY_PHASE_STRIP = NO;
				DEBUG_INFORMATION_FORMAT = dwarf;
				ENABLE_STRICT_OBJC_MSGSEND = YES;
				ENABLE_TESTABILITY = YES;
				GCC_C_LANGUAGE_STANDARD = gnu11;
				GCC_DYNAMIC_NO_PIC = NO;
				GCC_NO_COMMON_BLOCKS = YES;
				GCC_OPTIMIZATION_LEVEL = 0;
				GCC_PREPROCESSOR_DEFINITIONS = (
					"DEBUG=1",
					"$(inherited)",
				);
				GCC_WARN_64_TO_32_BIT_CONVERSION = YES;
				GCC_WARN_ABOUT_RETURN_TYPE = YES_ERROR;
				GCC_WARN_UNDECLARED_SELECTOR = YES;
				GCC_WARN_UNINITIALIZED_AUTOS = YES_AGGRESSIVE;
				GCC_WARN_UNUSED_FUNCTION = YES;
				GCC_WARN_UNUSED_VARIABLE = YES;
				IPHONEOS_DEPLOYMENT_TARGET = 12.1;
				MTL_ENABLE_DEBUG_INFO = INCLUDE_SOURCE;
				MTL_FAST_MATH = YES;
				ONLY_ACTIVE_ARCH = YES;
				SDKROOT = iphoneos;
			};
			name = Debug;
		};
		1206EE0222193F9F005D802D /* Release */ = {
			isa = XCBuildConfiguration;
			buildSettings = {
				ALWAYS_SEARCH_USER_PATHS = NO;
				CLANG_ANALYZER_NONNULL = YES;
				CLANG_ANALYZER_NUMBER_OBJECT_CONVERSION = YES_AGGRESSIVE;
				CLANG_CXX_LANGUAGE_STANDARD = "gnu++14";
				CLANG_CXX_LIBRARY = "libc++";
				CLANG_ENABLE_MODULES = YES;
				CLANG_ENABLE_OBJC_ARC = YES;
				CLANG_ENABLE_OBJC_WEAK = YES;
				CLANG_WARN_BLOCK_CAPTURE_AUTORELEASING = YES;
				CLANG_WARN_BOOL_CONVERSION = YES;
				CLANG_WARN_COMMA = YES;
				CLANG_WARN_CONSTANT_CONVERSION = YES;
				CLANG_WARN_DEPRECATED_OBJC_IMPLEMENTATIONS = YES;
				CLANG_WARN_DIRECT_OBJC_ISA_USAGE = YES_ERROR;
				CLANG_WARN_DOCUMENTATION_COMMENTS = YES;
				CLANG_WARN_EMPTY_BODY = YES;
				CLANG_WARN_ENUM_CONVERSION = YES;
				CLANG_WARN_INFINITE_RECURSION = YES;
				CLANG_WARN_INT_CONVERSION = YES;
				CLANG_WARN_NON_LITERAL_NULL_CONVERSION = YES;
				CLANG_WARN_OBJC_IMPLICIT_RETAIN_SELF = YES;
				CLANG_WARN_OBJC_LITERAL_CONVERSION = YES;
				CLANG_WARN_OBJC_ROOT_CLASS = YES_ERROR;
				CLANG_WARN_RANGE_LOOP_ANALYSIS = YES;
				CLANG_WARN_STRICT_PROTOTYPES = YES;
				CLANG_WARN_SUSPICIOUS_MOVE = YES;
				CLANG_WARN_UNGUARDED_AVAILABILITY = YES_AGGRESSIVE;
				CLANG_WARN_UNREACHABLE_CODE = YES;
				CLANG_WARN__DUPLICATE_METHOD_MATCH = YES;
				CODE_SIGN_IDENTITY = "iPhone Developer";
				COPY_PHASE_STRIP = NO;
				DEBUG_INFORMATION_FORMAT = "dwarf-with-dsym";
				ENABLE_NS_ASSERTIONS = NO;
				ENABLE_STRICT_OBJC_MSGSEND = YES;
				GCC_C_LANGUAGE_STANDARD = gnu11;
				GCC_NO_COMMON_BLOCKS = YES;
				GCC_WARN_64_TO_32_BIT_CONVERSION = YES;
				GCC_WARN_ABOUT_RETURN_TYPE = YES_ERROR;
				GCC_WARN_UNDECLARED_SELECTOR = YES;
				GCC_WARN_UNINITIALIZED_AUTOS = YES_AGGRESSIVE;
				GCC_WARN_UNUSED_FUNCTION = YES;
				GCC_WARN_UNUSED_VARIABLE = YES;
				IPHONEOS_DEPLOYMENT_TARGET = 12.1;
				MTL_ENABLE_DEBUG_INFO = NO;
				MTL_FAST_MATH = YES;
				SDKROOT = iphoneos;
				VALIDATE_PRODUCT = YES;
			};
			name = Release;
		};
		1206EE0422193F9F005D802D /* Debug */ = {
			isa = XCBuildConfiguration;
			baseConfigurationReference = CEA74D8997463D092FD541E0 /* Pods-baisibudejie.debug.xcconfig */;
			buildSettings = {
				ASSETCATALOG_COMPILER_APPICON_NAME = AppIcon;
				ASSETCATALOG_COMPILER_LAUNCHIMAGE_NAME = LaunchImage;
				CODE_SIGN_STYLE = Automatic;
				DEVELOPMENT_TEAM = 6434D3QBX9;
				GCC_PREFIX_HEADER = "/Users/hustyjx/Desktop/baisibudejie/baisibudejie/Gategory&&Pch/Pch/baisibudejie.pch";
				INFOPLIST_FILE = baisibudejie/Info.plist;
				IPHONEOS_DEPLOYMENT_TARGET = 10.0;
				LD_RUNPATH_SEARCH_PATHS = (
					"$(inherited)",
					"@executable_path/Frameworks",
				);
				PRODUCT_BUNDLE_IDENTIFIER = hustYJX.baisibudejie;
				PRODUCT_NAME = "$(TARGET_NAME)";
				TARGETED_DEVICE_FAMILY = 1;
			};
			name = Debug;
		};
		1206EE0522193F9F005D802D /* Release */ = {
			isa = XCBuildConfiguration;
			baseConfigurationReference = 5AB7C1593072028C03C50024 /* Pods-baisibudejie.release.xcconfig */;
			buildSettings = {
				ASSETCATALOG_COMPILER_APPICON_NAME = AppIcon;
				ASSETCATALOG_COMPILER_LAUNCHIMAGE_NAME = LaunchImage;
				CODE_SIGN_STYLE = Automatic;
				DEVELOPMENT_TEAM = 6434D3QBX9;
				GCC_PREFIX_HEADER = "/Users/hustyjx/Desktop/baisibudejie/baisibudejie/Gategory&&Pch/Pch/baisibudejie.pch";
				INFOPLIST_FILE = baisibudejie/Info.plist;
				IPHONEOS_DEPLOYMENT_TARGET = 10.0;
				LD_RUNPATH_SEARCH_PATHS = (
					"$(inherited)",
					"@executable_path/Frameworks",
				);
				PRODUCT_BUNDLE_IDENTIFIER = hustYJX.baisibudejie;
				PRODUCT_NAME = "$(TARGET_NAME)";
				TARGETED_DEVICE_FAMILY = 1;
			};
			name = Release;
		};
/* End XCBuildConfiguration section */

/* Begin XCConfigurationList section */
		1206EDE822193F9E005D802D /* Build configuration list for PBXProject "baisibudejie" */ = {
			isa = XCConfigurationList;
			buildConfigurations = (
				1206EE0122193F9F005D802D /* Debug */,
				1206EE0222193F9F005D802D /* Release */,
			);
			defaultConfigurationIsVisible = 0;
			defaultConfigurationName = Release;
		};
		1206EE0322193F9F005D802D /* Build configuration list for PBXNativeTarget "baisibudejie" */ = {
			isa = XCConfigurationList;
			buildConfigurations = (
				1206EE0422193F9F005D802D /* Debug */,
				1206EE0522193F9F005D802D /* Release */,
			);
			defaultConfigurationIsVisible = 0;
			defaultConfigurationName = Release;
		};
/* End XCConfigurationList section */
	};
	rootObject = 1206EDE522193F9E005D802D /* Project object */;
}
